
Microsoft Visual Studio Solution File, Format Version 12.00
# Visual Studio Version 17
VisualStudioVersion = 17.7.34202.233
MinimumVisualStudioVersion = 10.0.40219.1
Project("{FAE04EC0-301F-11D3-BF4B-00C04F79EFBC}") = "PokemonAPI", "PokemonAPI\PokemonAPI.csproj", "{552351AC-1E90-43DE-8510-71E8168784FD}"
EndProject
Global
	GlobalSection(SolutionConfigurationPlatforms) = preSolution
		Debug|Any CPU = Debug|Any CPU
		Release|Any CPU = Release|Any CPU
	EndGlobalSection
	GlobalSection(ProjectConfigurationPlatforms) = postSolution
		{552351AC-1E90-43DE-8510-71E8168784FD}.Debug|Any CPU.ActiveCfg = Debug|Any CPU
		{552351AC-1E90-43DE-8510-71E8168784FD}.Debug|Any CPU.Build.0 = Debug|Any CPU
		{552351AC-1E90-43DE-8510-71E8168784FD}.Release|Any CPU.ActiveCfg = Release|Any CPU
		{552351AC-1E90-43DE-8510-71E8168784FD}.Release|Any CPU.Build.0 = Release|Any CPU
	EndGlobalSection
	GlobalSection(SolutionProperties) = preSolution
		HideSolutionNode = FALSE
	EndGlobalSection
	GlobalSection(ExtensibilityGlobals) = postSolution
		SolutionGuid = {BD032721-CF6F-4DEA-AF28-5C47707C24EB}
	EndGlobalSection
EndGlobal
